
Microsoft Visual Studio Solution File, Format Version 12.00
# Visual Studio Version 16
VisualStudioVersion = 25.0.1704.3
MinimumVisualStudioVersion = 10.0.40219.1
Project("{FAE04EC0-301F-11D3-BF4B-00C04F79EFBC}") = "Mission14_nsweiler", "Mission14_nsweiler\Mission14_nsweiler.csproj", "{BF45D9AB-729E-4C26-A866-9DEB9A1C9681}"
EndProject
Global
	GlobalSection(SolutionConfigurationPlatforms) = preSolution
		Debug|Any CPU = Debug|Any CPU
		Release|Any CPU = Release|Any CPU
	EndGlobalSection
	GlobalSection(ProjectConfigurationPlatforms) = postSolution
		{BF45D9AB-729E-4C26-A866-9DEB9A1C9681}.Debug|Any CPU.ActiveCfg = Debug|Any CPU
		{BF45D9AB-729E-4C26-A866-9DEB9A1C9681}.Debug|Any CPU.Build.0 = Debug|Any CPU
		{BF45D9AB-729E-4C26-A866-9DEB9A1C9681}.Release|Any CPU.ActiveCfg = Release|Any CPU
		{BF45D9AB-729E-4C26-A866-9DEB9A1C9681}.Release|Any CPU.Build.0 = Release|Any CPU
	EndGlobalSection
	GlobalSection(SolutionProperties) = preSolution
		HideSolutionNode = FALSE
	EndGlobalSection
	GlobalSection(ExtensibilityGlobals) = postSolution
		SolutionGuid = {6ED8B97D-3D0E-4A15-A454-B8DD9F5F2C2C}
	EndGlobalSection
EndGlobal
